
Microsoft Visual Studio Solution File, Format Version 12.00
# Visual Studio 15
VisualStudioVersion = 15.0.26730.15
MinimumVisualStudioVersion = 10.0.40219.1
Project("{FAE04EC0-301F-11D3-BF4B-00C04F79EFBC}") = "Polymorphism", "Polymorphism\Polymorphism.csproj", "{A76C0A42-0780-409A-BB03-F09A32DA6529}"
EndProject
Global
	GlobalSection(SolutionConfigurationPlatforms) = preSolution
		Debug|Any CPU = Debug|Any CPU
		Release|Any CPU = Release|Any CPU
	EndGlobalSection
	GlobalSection(ProjectConfigurationPlatforms) = postSolution
		{A76C0A42-0780-409A-BB03-F09A32DA6529}.Debug|Any CPU.ActiveCfg = Debug|Any CPU
		{A76C0A42-0780-409A-BB03-F09A32DA6529}.Debug|Any CPU.Build.0 = Debug|Any CPU
		{A76C0A42-0780-409A-BB03-F09A32DA6529}.Release|Any CPU.ActiveCfg = Release|Any CPU
		{A76C0A42-0780-409A-BB03-F09A32DA6529}.Release|Any CPU.Build.0 = Release|Any CPU
	EndGlobalSection
	GlobalSection(SolutionProperties) = preSolution
		HideSolutionNode = FALSE
	EndGlobalSection
	GlobalSection(ExtensibilityGlobals) = postSolution
		SolutionGuid = {408B6FEB-6907-4847-9CB9-98095C08BD77}
	EndGlobalSection
EndGlobal
